// !$*UTF8*$!
{
	archiveVersion = 1;
	classes = {
	};
	objectVersion = 50;
	objects = {

/* Begin PBXBuildFile section */
		FAF64024261EADBC0057EAD5 /* AppDelegate.swift in Sources */ = {isa = PBXBuildFile; fileRef = FAF64023261EADBC0057EAD5 /* AppDelegate.swift */; };
		FAF64026261EADBC0057EAD5 /* SceneDelegate.swift in Sources */ = {isa = PBXBuildFile; fileRef = FAF64025261EADBC0057EAD5 /* SceneDelegate.swift */; };
		FAF64028261EADBC0057EAD5 /* ContentView.swift in Sources */ = {isa = PBXBuildFile; fileRef = FAF64027261EADBC0057EAD5 /* ContentView.swift */; };
		FAF6402A261EADBD0057EAD5 /* Assets.xcassets in Resources */ = {isa = PBXBuildFile; fileRef = FAF64029261EADBD0057EAD5 /* Assets.xcassets */; };
		FAF6402D261EADBD0057EAD5 /* Preview Assets.xcassets in Resources */ = {isa = PBXBuildFile; fileRef = FAF6402C261EADBD0057EAD5 /* Preview Assets.xcassets */; };
		FAF64030261EADBD0057EAD5 /* LaunchScreen.storyboard in Resources */ = {isa = PBXBuildFile; fileRef = FAF6402E261EADBD0057EAD5 /* LaunchScreen.storyboard */; };
/* End PBXBuildFile section */

/* Begin PBXFileReference section */
		FAF64020261EADBC0057EAD5 /* MyHero.app */ = {isa = PBXFileReference; explicitFileType = wrapper.application; includeInIndex = 0; path = MyHero.app; sourceTree = BUILT_PRODUCTS_DIR; };
		FAF64023261EADBC0057EAD5 /* AppDelegate.swift */ = {isa = PBXFileReference; lastKnownFileType = sourcecode.swift; path = AppDelegate.swift; sourceTree = "<group>"; };
		FAF64025261EADBC0057EAD5 /* SceneDelegate.swift */ = {isa = PBXFileReference; lastKnownFileType = sourcecode.swift; path = SceneDelegate.swift; sourceTree = "<group>"; };
		FAF64027261EADBC0057EAD5 /* ContentView.swift */ = {isa = PBXFileReference; lastKnownFileType = sourcecode.swift; path = ContentView.swift; sourceTree = "<group>"; };
		FAF64029261EADBD0057EAD5 /* Assets.xcassets */ = {isa = PBXFileReference; lastKnownFileType = folder.assetcatalog; path = Assets.xcassets; sourceTree = "<group>"; };
		FAF6402C261EADBD0057EAD5 /* Preview Assets.xcassets */ = {isa = PBXFileReference; lastKnownFileType = folder.assetcatalog; path = "Preview Assets.xcassets"; sourceTree = "<group>"; };
		FAF6402F261EADBD0057EAD5 /* Base */ = {isa = PBXFileReference; lastKnownFileType = file.storyboard; name = Base; path = Base.lproj/LaunchScreen.storyboard; sourceTree = "<group>"; };
		FAF64031261EADBD0057EAD5 /* Info.plist */ = {isa = PBXFileReference; lastKnownFileType = text.plist.xml; path = Info.plist; sourceTree = "<group>"; };
/* End PBXFileReference section */

/* Begin PBXFrameworksBuildPhase section */
		FAF6401D261EADBC0057EAD5 /* Frameworks */ = {
			isa = PBXFrameworksBuildPhase;
			buildActionMask = 2147483647;
			files = (
			);
			runOnlyForDeploymentPostprocessing = 0;
		};
/* End PBXFrameworksBuildPhase section */

/* Begin PBXGroup section */
		FAF64017261EADBB0057EAD5 = {
			isa = PBXGroup;
			children = (
				FAF64022261EADBC0057EAD5 /* MyHero */,
				FAF64021261EADBC0057EAD5 /* Products */,
			);
			sourceTree = "<group>";
		};
		FAF64021261EADBC0057EAD5 /* Products */ = {
			isa = PBXGroup;
			children = (
				FAF64020261EADBC0057EAD5 /* MyHero.app */,
			);
			name = Products;
			sourceTree = "<group>";
		};
		FAF64022261EADBC0057EAD5 /* MyHero */ = {
			isa = PBXGroup;
			children = (
				FAF64023261EADBC0057EAD5 /* AppDelegate.swift */,
				FAF64025261EADBC0057EAD5 /* SceneDelegate.swift */,
				FAF64027261EADBC0057EAD5 /* ContentView.swift */,
				FAF64029261EADBD0057EAD5 /* Assets.xcassets */,
				FAF6402E261EADBD0057EAD5 /* LaunchScreen.storyboard */,
				FAF64031261EADBD0057EAD5 /* Info.plist */,
				FAF6402B261EADBD0057EAD5 /* Preview Content */,
			);
			path = MyHero;
			sourceTree = "<group>";
		};
		FAF6402B261EADBD0057EAD5 /* Preview Content */ = {
			isa = PBXGroup;
			children = (
				FAF6402C261EADBD0057EAD5 /* Preview Assets.xcassets */,
			);
			path = "Preview Content";
			sourceTree = "<group>";
		};
/* End PBXGroup section */

/* Begin PBXNativeTarget section */
		FAF6401F261EADBC0057EAD5 /* MyHero */ = {
			isa = PBXNativeTarget;
			buildConfigurationList = FAF64034261EADBD0057EAD5 /* Build configuration list for PBXNativeTarget "MyHero" */;
			buildPhases = (
				FAF6401C261EADBC0057EAD5 /* Sources */,
				FAF6401D261EADBC0057EAD5 /* Frameworks */,
				FAF6401E261EADBC0057EAD5 /* Resources */,
			);
			buildRules = (
			);
			dependencies = (
			);
			name = MyHero;
			productName = MyHero;
			productReference = FAF64020261EADBC0057EAD5 /* MyHero.app */;
			productType = "com.apple.product-type.application";
		};
/* End PBXNativeTarget section */

/* Begin PBXProject section */
		FAF64018261EADBB0057EAD5 /* Project object */ = {
			isa = PBXProject;
			attributes = {
				LastSwiftUpdateCheck = 1210;
				LastUpgradeCheck = 1210;
				TargetAttributes = {
					FAF6401F261EADBC0057EAD5 = {
						CreatedOnToolsVersion = 12.1;
					};
				};
			};
			buildConfigurationList = FAF6401B261EADBB0057EAD5 /* Build configuration list for PBXProject "MyHero" */;
			compatibilityVersion = "Xcode 9.3";
			developmentRegion = en;
			hasScannedForEncodings = 0;
			knownRegions = (
				en,
				Base,
			);
			mainGroup = FAF64017261EADBB0057EAD5;
			productRefGroup = FAF64021261EADBC0057EAD5 /* Products */;
			projectDirPath = "";
			projectRoot = "";
			targets = (
				FAF6401F261EADBC0057EAD5 /* MyHero */,
			);
		};
/* End PBXProject section */

/* Begin PBXResourcesBuildPhase section */
		FAF6401E261EADBC0057EAD5 /* Resources */ = {
			isa = PBXResourcesBuildPhase;
			buildActionMask = 2147483647;
			files = (
				FAF64030261EADBD0057EAD5 /* LaunchScreen.storyboard in Resources */,
				FAF6402D261EADBD0057EAD5 /* Preview Assets.xcassets in Resources */,
				FAF6402A261EADBD0057EAD5 /* Assets.xcassets in Resources */,
			);
			runOnlyForDeploymentPostprocessing = 0;
		};
/* End PBXResourcesBuildPhase section */

/* Begin PBXSourcesBuildPhase section */
		FAF6401C261EADBC0057EAD5 /* Sources */ = {
			isa = PBXSourcesBuildPhase;
			buildActionMask = 2147483647;
			files = (
				FAF64024261EADBC0057EAD5 /* AppDelegate.swift in Sources */,
				FAF64026261EADBC0057EAD5 /* SceneDelegate.swift in Sources */,
				FAF64028261EADBC0057EAD5 /* ContentView.swift in Sources */,
			);
			runOnlyForDeploymentPostprocessing = 0;
		};
/* End PBXSourcesBuildPhase section */

/* Begin PBXVariantGroup section */
		FAF6402E261EADBD0057EAD5 /* LaunchScreen.storyboard */ = {
			isa = PBXVariantGroup;
			children = (
				FAF6402F261EADBD0057EAD5 /* Base */,
			);
			name = LaunchScreen.storyboard;
			sourceTree = "<group>";
		};
/* End PBXVariantGroup section */

/* Begin XCBuildConfiguration section */
		FAF64032261EADBD0057EAD5 /* Debug */ = {
			isa = XCBuildConfiguration;
			buildSettings = {
				ALWAYS_SEARCH_USER_PATHS = NO;
				CLANG_ANALYZER_NONNULL = YES;
				CLANG_ANALYZER_NUMBER_OBJECT_CONVERSION = YES_AGGRESSIVE;
				CLANG_CXX_LANGUAGE_STANDARD = "gnu++14";
				CLANG_CXX_LIBRARY = "libc++";
				CLANG_ENABLE_MODULES = YES;
				CLANG_ENABLE_OBJC_ARC = YES;
				CLANG_ENABLE_OBJC_WEAK = YES;
				CLANG_WARN_BLOCK_CAPTURE_AUTORELEASING = YES;
				CLANG_WARN_BOOL_CONVERSION = YES;
				CLANG_WARN_COMMA = YES;
				CLANG_WARN_CONSTANT_CONVERSION = YES;
				CLANG_WARN_DEPRECATED_OBJC_IMPLEMENTATIONS = YES;
				CLANG_WARN_DIRECT_OBJC_ISA_USAGE = YES_ERROR;
				CLANG_WARN_DOCUMENTATION_COMMENTS = YES;
				CLANG_WARN_EMPTY_BODY = YES;
				CLANG_WARN_ENUM_CONVERSION = YES;
				CLANG_WARN_INFINITE_RECURSION = YES;
				CLANG_WARN_INT_CONVERSION = YES;
				CLANG_WARN_NON_LITERAL_NULL_CONVERSION = YES;
				CLANG_WARN_OBJC_IMPLICIT_RETAIN_SELF = YES;
				CLANG_WARN_OBJC_LITERAL_CONVERSION = YES;
				CLANG_WARN_OBJC_ROOT_CLASS = YES_ERROR;
				CLANG_WARN_QUOTED_INCLUDE_IN_FRAMEWORK_HEADER = YES;
				CLANG_WARN_RANGE_LOOP_ANALYSIS = YES;
				CLANG_WARN_STRICT_PROTOTYPES = YES;
				CLANG_WARN_SUSPICIOUS_MOVE = YES;
				CLANG_WARN_UNGUARDED_AVAILABILITY = YES_AGGRESSIVE;
				CLANG_WARN_UNREACHABLE_CODE = YES;
				CLANG_WARN__DUPLICATE_METHOD_MATCH = YES;
				COPY_PHASE_STRIP = NO;
				DEBUG_INFORMATION_FORMAT = dwarf;
				ENABLE_STRICT_OBJC_MSGSEND = YES;
				ENABLE_TESTABILITY = YES;
				GCC_C_LANGUAGE_STANDARD = gnu11;
				GCC_DYNAMIC_NO_PIC = NO;
				GCC_NO_COMMON_BLOCKS = YES;
				GCC_OPTIMIZATION_LEVEL = 0;
				GCC_PREPROCESSOR_DEFINITIONS = (
					"DEBUG=1",
					"$(inherited)",
				);
				GCC_WARN_64_TO_32_BIT_CONVERSION = YES;
				GCC_WARN_ABOUT_RETURN_TYPE = YES_ERROR;
				GCC_WARN_UNDECLARED_SELECTOR = YES;
				GCC_WARN_UNINITIALIZED_AUTOS = YES_AGGRESSIVE;
				GCC_WARN_UNUSED_FUNCTION = YES;
				GCC_WARN_UNUSED_VARIABLE = YES;
				IPHONEOS_DEPLOYMENT_TARGET = 14.1;
				MTL_ENABLE_DEBUG_INFO = INCLUDE_SOURCE;
				MTL_FAST_MATH = YES;
				ONLY_ACTIVE_ARCH = YES;
				SDKROOT = iphoneos;
				SWIFT_ACTIVE_COMPILATION_CONDITIONS = DEBUG;
				SWIFT_OPTIMIZATION_LEVEL = "-Onone";
			};
			name = Debug;
		};
		FAF64033261EADBD0057EAD5 /* Release */ = {
			isa = XCBuildConfiguration;
			buildSettings = {
				ALWAYS_SEARCH_USER_PATHS = NO;
				CLANG_ANALYZER_NONNULL = YES;
				CLANG_ANALYZER_NUMBER_OBJECT_CONVERSION = YES_AGGRESSIVE;
				CLANG_CXX_LANGUAGE_STANDARD = "gnu++14";
				CLANG_CXX_LIBRARY = "libc++";
				CLANG_ENABLE_MODULES = YES;
				CLANG_ENABLE_OBJC_ARC = YES;
				CLANG_ENABLE_OBJC_WEAK = YES;
				CLANG_WARN_BLOCK_CAPTURE_AUTORELEASING = YES;
				CLANG_WARN_BOOL_CONVERSION = YES;
				CLANG_WARN_COMMA = YES;
				CLANG_WARN_CONSTANT_CONVERSION = YES;
				CLANG_WARN_DEPRECATED_OBJC_IMPLEMENTATIONS = YES;
				CLANG_WARN_DIRECT_OBJC_ISA_USAGE = YES_ERROR;
				CLANG_WARN_DOCUMENTATION_COMMENTS = YES;
				CLANG_WARN_EMPTY_BODY = YES;
				CLANG_WARN_ENUM_CONVERSION = YES;
				CLANG_WARN_INFINITE_RECURSION = YES;
				CLANG_WARN_INT_CONVERSION = YES;
				CLANG_WARN_NON_LITERAL_NULL_CONVERSION = YES;
				CLANG_WARN_OBJC_IMPLICIT_RETAIN_SELF = YES;
				CLANG_WARN_OBJC_LITERAL_CONVERSION = YES;
				CLANG_WARN_OBJC_ROOT_CLASS = YES_ERROR;
				CLANG_WARN_QUOTED_INCLUDE_IN_FRAMEWORK_HEADER = YES;
				CLANG_WARN_RANGE_LOOP_ANALYSIS = YES;
				CLANG_WARN_STRICT_PROTOTYPES = YES;
				CLANG_WARN_SUSPICIOUS_MOVE = YES;
				CLANG_WARN_UNGUARDED_AVAILABILITY = YES_AGGRESSIVE;
				CLANG_WARN_UNREACHABLE_CODE = YES;
				CLANG_WARN__DUPLICATE_METHOD_MATCH = YES;
				COPY_PHASE_STRIP = NO;
				DEBUG_INFORMATION_FORMAT = "dwarf-with-dsym";
				ENABLE_NS_ASSERTIONS = NO;
				ENABLE_STRICT_OBJC_MSGSEND = YES;
				GCC_C_LANGUAGE_STANDARD = gnu11;
				GCC_NO_COMMON_BLOCKS = YES;
				GCC_WARN_64_TO_32_BIT_CONVERSION = YES;
				GCC_WARN_ABOUT_RETURN_TYPE = YES_ERROR;
				GCC_WARN_UNDECLARED_SELECTOR = YES;
				GCC_WARN_UNINITIALIZED_AUTOS = YES_AGGRESSIVE;
				GCC_WARN_UNUSED_FUNCTION = YES;
				GCC_WARN_UNUSED_VARIABLE = YES;
				IPHONEOS_DEPLOYMENT_TARGET = 14.1;
				MTL_ENABLE_DEBUG_INFO = NO;
				MTL_FAST_MATH = YES;
				SDKROOT = iphoneos;
				SWIFT_COMPILATION_MODE = wholemodule;
				SWIFT_OPTIMIZATION_LEVEL = "-O";
				VALIDATE_PRODUCT = YES;
			};
			name = Release;
		};
		FAF64035261EADBD0057EAD5 /* Debug */ = {
			isa = XCBuildConfiguration;
			buildSettings = {
				ASSETCATALOG_COMPILER_APPICON_NAME = AppIcon;
				ASSETCATALOG_COMPILER_GLOBAL_ACCENT_COLOR_NAME = AccentColor;
				CODE_SIGN_STYLE = Automatic;
				DEVELOPMENT_ASSET_PATHS = "\"MyHero/Preview Content\"";
				DEVELOPMENT_TEAM = AN5W2J2N2K;
				ENABLE_PREVIEWS = YES;
				INFOPLIST_FILE = MyHero/Info.plist;
				LD_RUNPATH_SEARCH_PATHS = (
					"$(inherited)",
					"@executable_path/Frameworks",
				);
				PRODUCT_BUNDLE_IDENTIFIER = com.ahmadverel.MyHero;
				PRODUCT_NAME = "$(TARGET_NAME)";
				SWIFT_VERSION = 5.0;
				TARGETED_DEVICE_FAMILY = "1,2";
			};
			name = Debug;
		};
		FAF64036261EADBD0057EAD5 /* Release */ = {
			isa = XCBuildConfiguration;
			buildSettings = {
				ASSETCATALOG_COMPILER_APPICON_NAME = AppIcon;
				ASSETCATALOG_COMPILER_GLOBAL_ACCENT_COLOR_NAME = AccentColor;
				CODE_SIGN_STYLE = Automatic;
				DEVELOPMENT_ASSET_PATHS = "\"MyHero/Preview Content\"";
				DEVELOPMENT_TEAM = AN5W2J2N2K;
				ENABLE_PREVIEWS = YES;
				INFOPLIST_FILE = MyHero/Info.plist;
				LD_RUNPATH_SEARCH_PATHS = (
					"$(inherited)",
					"@executable_path/Frameworks",
				);
				PRODUCT_BUNDLE_IDENTIFIER = com.ahmadverel.MyHero;
				PRODUCT_NAME = "$(TARGET_NAME)";
				SWIFT_VERSION = 5.0;
				TARGETED_DEVICE_FAMILY = "1,2";
			};
			name = Release;
		};
/* End XCBuildConfiguration section */

/* Begin XCConfigurationList section */
		FAF6401B261EADBB0057EAD5 /* Build configuration list for PBXProject "MyHero" */ = {
			isa = XCConfigurationList;
			buildConfigurations = (
				FAF64032261EADBD0057EAD5 /* Debug */,
				FAF64033261EADBD0057EAD5 /* Release */,
			);
			defaultConfigurationIsVisible = 0;
			defaultConfigurationName = Release;
		};
		FAF64034261EADBD0057EAD5 /* Build configuration list for PBXNativeTarget "MyHero" */ = {
			isa = XCConfigurationList;
			buildConfigurations = (
				FAF64035261EADBD0057EAD5 /* Debug */,
				FAF64036261EADBD0057EAD5 /* Release */,
			);
			defaultConfigurationIsVisible = 0;
			defaultConfigurationName = Release;
		};
/* End XCConfigurationList section */
	};
	rootObject = FAF64018261EADBB0057EAD5 /* Project object */;
}
